
Microsoft Visual Studio Solution File, Format Version 12.00
# Visual Studio 2012
Project("{FAE04EC0-301F-11D3-BF4B-00C04F79EFBC}") = "MvcAppli12", "MvcAppli12\MvcAppli12.csproj", "{ED1F2638-7680-43E3-8FA4-3DBA4CCEE668}"
EndProject
Global
	GlobalSection(SolutionConfigurationPlatforms) = preSolution
		Debug|Any CPU = Debug|Any CPU
		Release|Any CPU = Release|Any CPU
	EndGlobalSection
	GlobalSection(ProjectConfigurationPlatforms) = postSolution
		{ED1F2638-7680-43E3-8FA4-3DBA4CCEE668}.Debug|Any CPU.ActiveCfg = Debug|Any CPU
		{ED1F2638-7680-43E3-8FA4-3DBA4CCEE668}.Debug|Any CPU.Build.0 = Debug|Any CPU
		{ED1F2638-7680-43E3-8FA4-3DBA4CCEE668}.Release|Any CPU.ActiveCfg = Release|Any CPU
		{ED1F2638-7680-43E3-8FA4-3DBA4CCEE668}.Release|Any CPU.Build.0 = Release|Any CPU
	EndGlobalSection
	GlobalSection(SolutionProperties) = preSolution
		HideSolutionNode = FALSE
	EndGlobalSection
EndGlobal
